// !$*UTF8*$!
{
	archiveVersion = 1;
	classes = {
	};
	objectVersion = 52;
	objects = {

/* Begin PBXBuildFile section */
		187F969B26219E7100E606A6 /* pawsApp.swift in Sources */ = {isa = PBXBuildFile; fileRef = 187F969A26219E7100E606A6 /* pawsApp.swift */; };
		187F969D26219E7100E606A6 /* ContentView.swift in Sources */ = {isa = PBXBuildFile; fileRef = 187F969C26219E7100E606A6 /* ContentView.swift */; };
		187F969F26219E7300E606A6 /* Assets.xcassets in Resources */ = {isa = PBXBuildFile; fileRef = 187F969E26219E7300E606A6 /* Assets.xcassets */; };
		187F96A226219E7300E606A6 /* Preview Assets.xcassets in Resources */ = {isa = PBXBuildFile; fileRef = 187F96A126219E7300E606A6 /* Preview Assets.xcassets */; };
		187F96AC2621A1AE00E606A6 /* Brewery.swift in Sources */ = {isa = PBXBuildFile; fileRef = 187F96AB2621A1AE00E606A6 /* Brewery.swift */; };
		187F96B02621A27300E606A6 /* BreweriesView.swift in Sources */ = {isa = PBXBuildFile; fileRef = 187F96AF2621A27300E606A6 /* BreweriesView.swift */; };
		187F96B42621A2E800E606A6 /* BreweryView.swift in Sources */ = {isa = PBXBuildFile; fileRef = 187F96B32621A2E800E606A6 /* BreweryView.swift */; };
		187F96B72621A4DF00E606A6 /* BreweriesViewModel.swift in Sources */ = {isa = PBXBuildFile; fileRef = 187F96B62621A4DF00E606A6 /* BreweriesViewModel.swift */; };
		187F96C02621AEB200E606A6 /* Person.swift in Sources */ = {isa = PBXBuildFile; fileRef = 187F96BF2621AEB200E606A6 /* Person.swift */; };
		187F96C32621B2E200E606A6 /* User.swift in Sources */ = {isa = PBXBuildFile; fileRef = 187F96C22621B2E200E606A6 /* User.swift */; };
		18B28D4A2621FF2100C1F284 /* UserService.swift in Sources */ = {isa = PBXBuildFile; fileRef = 18B28D492621FF2100C1F284 /* UserService.swift */; };
		18B28D552622000100C1F284 /* UserEndpoint.swift in Sources */ = {isa = PBXBuildFile; fileRef = 18B28D542622000100C1F284 /* UserEndpoint.swift */; };
		18B28D59262201A900C1F284 /* APIError.swift in Sources */ = {isa = PBXBuildFile; fileRef = 18B28D58262201A900C1F284 /* APIError.swift */; };
		18B28D5E2622168F00C1F284 /* ResultState.swift in Sources */ = {isa = PBXBuildFile; fileRef = 18B28D5D2622168F00C1F284 /* ResultState.swift */; };
		18B28D612622176E00C1F284 /* UsersViewmodel.swift in Sources */ = {isa = PBXBuildFile; fileRef = 18B28D602622176E00C1F284 /* UsersViewmodel.swift */; };
		18B28D6526221BBD00C1F284 /* URLImage in Frameworks */ = {isa = PBXBuildFile; productRef = 18B28D6426221BBD00C1F284 /* URLImage */; };
		18B28D6826221C2B00C1F284 /* ErrorView.swift in Sources */ = {isa = PBXBuildFile; fileRef = 18B28D6726221C2B00C1F284 /* ErrorView.swift */; };
/* End PBXBuildFile section */

/* Begin PBXFileReference section */
		187F969726219E7100E606A6 /* paws.app */ = {isa = PBXFileReference; explicitFileType = wrapper.application; includeInIndex = 0; path = paws.app; sourceTree = BUILT_PRODUCTS_DIR; };
		187F969A26219E7100E606A6 /* pawsApp.swift */ = {isa = PBXFileReference; lastKnownFileType = sourcecode.swift; path = pawsApp.swift; sourceTree = "<group>"; };
		187F969C26219E7100E606A6 /* ContentView.swift */ = {isa = PBXFileReference; lastKnownFileType = sourcecode.swift; path = ContentView.swift; sourceTree = "<group>"; };
		187F969E26219E7300E606A6 /* Assets.xcassets */ = {isa = PBXFileReference; lastKnownFileType = folder.assetcatalog; path = Assets.xcassets; sourceTree = "<group>"; };
		187F96A126219E7300E606A6 /* Preview Assets.xcassets */ = {isa = PBXFileReference; lastKnownFileType = folder.assetcatalog; path = "Preview Assets.xcassets"; sourceTree = "<group>"; };
		187F96A326219E7300E606A6 /* Info.plist */ = {isa = PBXFileReference; lastKnownFileType = text.plist.xml; path = Info.plist; sourceTree = "<group>"; };
		187F96AB2621A1AE00E606A6 /* Brewery.swift */ = {isa = PBXFileReference; lastKnownFileType = sourcecode.swift; path = Brewery.swift; sourceTree = "<group>"; };
		187F96AF2621A27300E606A6 /* BreweriesView.swift */ = {isa = PBXFileReference; lastKnownFileType = sourcecode.swift; path = BreweriesView.swift; sourceTree = "<group>"; };
		187F96B32621A2E800E606A6 /* BreweryView.swift */ = {isa = PBXFileReference; lastKnownFileType = sourcecode.swift; path = BreweryView.swift; sourceTree = "<group>"; };
		187F96B62621A4DF00E606A6 /* BreweriesViewModel.swift */ = {isa = PBXFileReference; lastKnownFileType = sourcecode.swift; path = BreweriesViewModel.swift; sourceTree = "<group>"; };
		187F96BF2621AEB200E606A6 /* Person.swift */ = {isa = PBXFileReference; lastKnownFileType = sourcecode.swift; path = Person.swift; sourceTree = "<group>"; };
		187F96C22621B2E200E606A6 /* User.swift */ = {isa = PBXFileReference; lastKnownFileType = sourcecode.swift; path = User.swift; sourceTree = "<group>"; };
		18B28D492621FF2100C1F284 /* UserService.swift */ = {isa = PBXFileReference; lastKnownFileType = sourcecode.swift; path = UserService.swift; sourceTree = "<group>"; };
		18B28D542622000100C1F284 /* UserEndpoint.swift */ = {isa = PBXFileReference; lastKnownFileType = sourcecode.swift; path = UserEndpoint.swift; sourceTree = "<group>"; };
		18B28D58262201A900C1F284 /* APIError.swift */ = {isa = PBXFileReference; lastKnownFileType = sourcecode.swift; path = APIError.swift; sourceTree = "<group>"; };
		18B28D5D2622168F00C1F284 /* ResultState.swift */ = {isa = PBXFileReference; lastKnownFileType = sourcecode.swift; path = ResultState.swift; sourceTree = "<group>"; };
		18B28D602622176E00C1F284 /* UsersViewmodel.swift */ = {isa = PBXFileReference; lastKnownFileType = sourcecode.swift; path = UsersViewmodel.swift; sourceTree = "<group>"; };
		18B28D6726221C2B00C1F284 /* ErrorView.swift */ = {isa = PBXFileReference; lastKnownFileType = sourcecode.swift; path = ErrorView.swift; sourceTree = "<group>"; };
/* End PBXFileReference section */

/* Begin PBXFrameworksBuildPhase section */
		187F969426219E7100E606A6 /* Frameworks */ = {
			isa = PBXFrameworksBuildPhase;
			buildActionMask = 2147483647;
			files = (
				18B28D6526221BBD00C1F284 /* URLImage in Frameworks */,
			);
			runOnlyForDeploymentPostprocessing = 0;
		};
/* End PBXFrameworksBuildPhase section */

/* Begin PBXGroup section */
		187F968E26219E7100E606A6 = {
			isa = PBXGroup;
			children = (
				187F969926219E7100E606A6 /* paws */,
				187F969826219E7100E606A6 /* Products */,
			);
			sourceTree = "<group>";
		};
		187F969826219E7100E606A6 /* Products */ = {
			isa = PBXGroup;
			children = (
				187F969726219E7100E606A6 /* paws.app */,
			);
			name = Products;
			sourceTree = "<group>";
		};
		187F969926219E7100E606A6 /* paws */ = {
			isa = PBXGroup;
			children = (
				18B28D5C2622167800C1F284 /* State */,
				18B28D572622019A00C1F284 /* Error */,
				18B28D4D2621FFA500C1F284 /* Endpoint */,
				18B28D482621FF0300C1F284 /* Service */,
				187F96AE2621A24C00E606A6 /* Views */,
				187F96AA2621A19800E606A6 /* Model */,
				187F969A26219E7100E606A6 /* pawsApp.swift */,
				187F969C26219E7100E606A6 /* ContentView.swift */,
				187F969E26219E7300E606A6 /* Assets.xcassets */,
				187F96A326219E7300E606A6 /* Info.plist */,
				187F96A026219E7300E606A6 /* Preview Content */,
				187F96B62621A4DF00E606A6 /* BreweriesViewModel.swift */,
				18B28D602622176E00C1F284 /* UsersViewmodel.swift */,
			);
			path = paws;
			sourceTree = "<group>";
		};
		187F96A026219E7300E606A6 /* Preview Content */ = {
			isa = PBXGroup;
			children = (
				187F96A126219E7300E606A6 /* Preview Assets.xcassets */,
			);
			path = "Preview Content";
			sourceTree = "<group>";
		};
		187F96AA2621A19800E606A6 /* Model */ = {
			isa = PBXGroup;
			children = (
				187F96AB2621A1AE00E606A6 /* Brewery.swift */,
				187F96BF2621AEB200E606A6 /* Person.swift */,
				187F96C22621B2E200E606A6 /* User.swift */,
			);
			path = Model;
			sourceTree = "<group>";
		};
		187F96AE2621A24C00E606A6 /* Views */ = {
			isa = PBXGroup;
			children = (
				187F96AF2621A27300E606A6 /* BreweriesView.swift */,
				187F96B32621A2E800E606A6 /* BreweryView.swift */,
				18B28D6726221C2B00C1F284 /* ErrorView.swift */,
			);
			path = Views;
			sourceTree = "<group>";
		};
		18B28D482621FF0300C1F284 /* Service */ = {
			isa = PBXGroup;
			children = (
				18B28D492621FF2100C1F284 /* UserService.swift */,
			);
			path = Service;
			sourceTree = "<group>";
		};
		18B28D4D2621FFA500C1F284 /* Endpoint */ = {
			isa = PBXGroup;
			children = (
				18B28D542622000100C1F284 /* UserEndpoint.swift */,
			);
			path = Endpoint;
			sourceTree = "<group>";
		};
		18B28D572622019A00C1F284 /* Error */ = {
			isa = PBXGroup;
			children = (
				18B28D58262201A900C1F284 /* APIError.swift */,
			);
			path = Error;
			sourceTree = "<group>";
		};
		18B28D5C2622167800C1F284 /* State */ = {
			isa = PBXGroup;
			children = (
				18B28D5D2622168F00C1F284 /* ResultState.swift */,
			);
			path = State;
			sourceTree = "<group>";
		};
/* End PBXGroup section */

/* Begin PBXNativeTarget section */
		187F969626219E7100E606A6 /* paws */ = {
			isa = PBXNativeTarget;
			buildConfigurationList = 187F96A626219E7300E606A6 /* Build configuration list for PBXNativeTarget "paws" */;
			buildPhases = (
				187F969326219E7100E606A6 /* Sources */,
				187F969426219E7100E606A6 /* Frameworks */,
				187F969526219E7100E606A6 /* Resources */,
			);
			buildRules = (
			);
			dependencies = (
			);
			name = paws;
			packageProductDependencies = (
				18B28D6426221BBD00C1F284 /* URLImage */,
			);
			productName = paws;
			productReference = 187F969726219E7100E606A6 /* paws.app */;
			productType = "com.apple.product-type.application";
		};
/* End PBXNativeTarget section */

/* Begin PBXProject section */
		187F968F26219E7100E606A6 /* Project object */ = {
			isa = PBXProject;
			attributes = {
				LastSwiftUpdateCheck = 1240;
				LastUpgradeCheck = 1240;
				TargetAttributes = {
					187F969626219E7100E606A6 = {
						CreatedOnToolsVersion = 12.4;
					};
				};
			};
			buildConfigurationList = 187F969226219E7100E606A6 /* Build configuration list for PBXProject "paws" */;
			compatibilityVersion = "Xcode 9.3";
			developmentRegion = en;
			hasScannedForEncodings = 0;
			knownRegions = (
				en,
				Base,
			);
			mainGroup = 187F968E26219E7100E606A6;
			packageReferences = (
				18B28D6326221BBD00C1F284 /* XCRemoteSwiftPackageReference "url-image" */,
			);
			productRefGroup = 187F969826219E7100E606A6 /* Products */;
			projectDirPath = "";
			projectRoot = "";
			targets = (
				187F969626219E7100E606A6 /* paws */,
			);
		};
/* End PBXProject section */

/* Begin PBXResourcesBuildPhase section */
		187F969526219E7100E606A6 /* Resources */ = {
			isa = PBXResourcesBuildPhase;
			buildActionMask = 2147483647;
			files = (
				187F96A226219E7300E606A6 /* Preview Assets.xcassets in Resources */,
				187F969F26219E7300E606A6 /* Assets.xcassets in Resources */,
			);
			runOnlyForDeploymentPostprocessing = 0;
		};
/* End PBXResourcesBuildPhase section */

/* Begin PBXSourcesBuildPhase section */
		187F969326219E7100E606A6 /* Sources */ = {
			isa = PBXSourcesBuildPhase;
			buildActionMask = 2147483647;
			files = (
				187F969D26219E7100E606A6 /* ContentView.swift in Sources */,
				187F96B02621A27300E606A6 /* BreweriesView.swift in Sources */,
				18B28D4A2621FF2100C1F284 /* UserService.swift in Sources */,
				187F96AC2621A1AE00E606A6 /* Brewery.swift in Sources */,
				187F96B72621A4DF00E606A6 /* BreweriesViewModel.swift in Sources */,
				18B28D552622000100C1F284 /* UserEndpoint.swift in Sources */,
				187F96C32621B2E200E606A6 /* User.swift in Sources */,
				187F96C02621AEB200E606A6 /* Person.swift in Sources */,
				18B28D5E2622168F00C1F284 /* ResultState.swift in Sources */,
				187F969B26219E7100E606A6 /* pawsApp.swift in Sources */,
				187F96B42621A2E800E606A6 /* BreweryView.swift in Sources */,
				18B28D6826221C2B00C1F284 /* ErrorView.swift in Sources */,
				18B28D59262201A900C1F284 /* APIError.swift in Sources */,
				18B28D612622176E00C1F284 /* UsersViewmodel.swift in Sources */,
			);
			runOnlyForDeploymentPostprocessing = 0;
		};
/* End PBXSourcesBuildPhase section */

/* Begin XCBuildConfiguration section */
		187F96A426219E7300E606A6 /* Debug */ = {
			isa = XCBuildConfiguration;
			buildSettings = {
				ALWAYS_SEARCH_USER_PATHS = NO;
				CLANG_ANALYZER_NONNULL = YES;
				CLANG_ANALYZER_NUMBER_OBJECT_CONVERSION = YES_AGGRESSIVE;
				CLANG_CXX_LANGUAGE_STANDARD = "gnu++14";
				CLANG_CXX_LIBRARY = "libc++";
				CLANG_ENABLE_MODULES = YES;
				CLANG_ENABLE_OBJC_ARC = YES;
				CLANG_ENABLE_OBJC_WEAK = YES;
				CLANG_WARN_BLOCK_CAPTURE_AUTORELEASING = YES;
				CLANG_WARN_BOOL_CONVERSION = YES;
				CLANG_WARN_COMMA = YES;
				CLANG_WARN_CONSTANT_CONVERSION = YES;
				CLANG_WARN_DEPRECATED_OBJC_IMPLEMENTATIONS = YES;
				CLANG_WARN_DIRECT_OBJC_ISA_USAGE = YES_ERROR;
				CLANG_WARN_DOCUMENTATION_COMMENTS = YES;
				CLANG_WARN_EMPTY_BODY = YES;
				CLANG_WARN_ENUM_CONVERSION = YES;
				CLANG_WARN_INFINITE_RECURSION = YES;
				CLANG_WARN_INT_CONVERSION = YES;
				CLANG_WARN_NON_LITERAL_NULL_CONVERSION = YES;
				CLANG_WARN_OBJC_IMPLICIT_RETAIN_SELF = YES;
				CLANG_WARN_OBJC_LITERAL_CONVERSION = YES;
				CLANG_WARN_OBJC_ROOT_CLASS = YES_ERROR;
				CLANG_WARN_QUOTED_INCLUDE_IN_FRAMEWORK_HEADER = YES;
				CLANG_WARN_RANGE_LOOP_ANALYSIS = YES;
				CLANG_WARN_STRICT_PROTOTYPES = YES;
				CLANG_WARN_SUSPICIOUS_MOVE = YES;
				CLANG_WARN_UNGUARDED_AVAILABILITY = YES_AGGRESSIVE;
				CLANG_WARN_UNREACHABLE_CODE = YES;
				CLANG_WARN__DUPLICATE_METHOD_MATCH = YES;
				COPY_PHASE_STRIP = NO;
				DEBUG_INFORMATION_FORMAT = dwarf;
				ENABLE_STRICT_OBJC_MSGSEND = YES;
				ENABLE_TESTABILITY = YES;
				GCC_C_LANGUAGE_STANDARD = gnu11;
				GCC_DYNAMIC_NO_PIC = NO;
				GCC_NO_COMMON_BLOCKS = YES;
				GCC_OPTIMIZATION_LEVEL = 0;
				GCC_PREPROCESSOR_DEFINITIONS = (
					"DEBUG=1",
					"$(inherited)",
				);
				GCC_WARN_64_TO_32_BIT_CONVERSION = YES;
				GCC_WARN_ABOUT_RETURN_TYPE = YES_ERROR;
				GCC_WARN_UNDECLARED_SELECTOR = YES;
				GCC_WARN_UNINITIALIZED_AUTOS = YES_AGGRESSIVE;
				GCC_WARN_UNUSED_FUNCTION = YES;
				GCC_WARN_UNUSED_VARIABLE = YES;
				IPHONEOS_DEPLOYMENT_TARGET = 14.4;
				MTL_ENABLE_DEBUG_INFO = INCLUDE_SOURCE;
				MTL_FAST_MATH = YES;
				ONLY_ACTIVE_ARCH = YES;
				SDKROOT = iphoneos;
				SWIFT_ACTIVE_COMPILATION_CONDITIONS = DEBUG;
				SWIFT_OPTIMIZATION_LEVEL = "-Onone";
			};
			name = Debug;
		};
		187F96A526219E7300E606A6 /* Release */ = {
			isa = XCBuildConfiguration;
			buildSettings = {
				ALWAYS_SEARCH_USER_PATHS = NO;
				CLANG_ANALYZER_NONNULL = YES;
				CLANG_ANALYZER_NUMBER_OBJECT_CONVERSION = YES_AGGRESSIVE;
				CLANG_CXX_LANGUAGE_STANDARD = "gnu++14";
				CLANG_CXX_LIBRARY = "libc++";
				CLANG_ENABLE_MODULES = YES;
				CLANG_ENABLE_OBJC_ARC = YES;
				CLANG_ENABLE_OBJC_WEAK = YES;
				CLANG_WARN_BLOCK_CAPTURE_AUTORELEASING = YES;
				CLANG_WARN_BOOL_CONVERSION = YES;
				CLANG_WARN_COMMA = YES;
				CLANG_WARN_CONSTANT_CONVERSION = YES;
				CLANG_WARN_DEPRECATED_OBJC_IMPLEMENTATIONS = YES;
				CLANG_WARN_DIRECT_OBJC_ISA_USAGE = YES_ERROR;
				CLANG_WARN_DOCUMENTATION_COMMENTS = YES;
				CLANG_WARN_EMPTY_BODY = YES;
				CLANG_WARN_ENUM_CONVERSION = YES;
				CLANG_WARN_INFINITE_RECURSION = YES;
				CLANG_WARN_INT_CONVERSION = YES;
				CLANG_WARN_NON_LITERAL_NULL_CONVERSION = YES;
				CLANG_WARN_OBJC_IMPLICIT_RETAIN_SELF = YES;
				CLANG_WARN_OBJC_LITERAL_CONVERSION = YES;
				CLANG_WARN_OBJC_ROOT_CLASS = YES_ERROR;
				CLANG_WARN_QUOTED_INCLUDE_IN_FRAMEWORK_HEADER = YES;
				CLANG_WARN_RANGE_LOOP_ANALYSIS = YES;
				CLANG_WARN_STRICT_PROTOTYPES = YES;
				CLANG_WARN_SUSPICIOUS_MOVE = YES;
				CLANG_WARN_UNGUARDED_AVAILABILITY = YES_AGGRESSIVE;
				CLANG_WARN_UNREACHABLE_CODE = YES;
				CLANG_WARN__DUPLICATE_METHOD_MATCH = YES;
				COPY_PHASE_STRIP = NO;
				DEBUG_INFORMATION_FORMAT = "dwarf-with-dsym";
				ENABLE_NS_ASSERTIONS = NO;
				ENABLE_STRICT_OBJC_MSGSEND = YES;
				GCC_C_LANGUAGE_STANDARD = gnu11;
				GCC_NO_COMMON_BLOCKS = YES;
				GCC_WARN_64_TO_32_BIT_CONVERSION = YES;
				GCC_WARN_ABOUT_RETURN_TYPE = YES_ERROR;
				GCC_WARN_UNDECLARED_SELECTOR = YES;
				GCC_WARN_UNINITIALIZED_AUTOS = YES_AGGRESSIVE;
				GCC_WARN_UNUSED_FUNCTION = YES;
				GCC_WARN_UNUSED_VARIABLE = YES;
				IPHONEOS_DEPLOYMENT_TARGET = 14.4;
				MTL_ENABLE_DEBUG_INFO = NO;
				MTL_FAST_MATH = YES;
				SDKROOT = iphoneos;
				SWIFT_COMPILATION_MODE = wholemodule;
				SWIFT_OPTIMIZATION_LEVEL = "-O";
				VALIDATE_PRODUCT = YES;
			};
			name = Release;
		};
		187F96A726219E7300E606A6 /* Debug */ = {
			isa = XCBuildConfiguration;
			buildSettings = {
				ASSETCATALOG_COMPILER_APPICON_NAME = AppIcon;
				ASSETCATALOG_COMPILER_GLOBAL_ACCENT_COLOR_NAME = AccentColor;
				CODE_SIGN_STYLE = Automatic;
				DEVELOPMENT_ASSET_PATHS = "\"paws/Preview Content\"";
				DEVELOPMENT_TEAM = 59967Z5M82;
				ENABLE_PREVIEWS = YES;
				INFOPLIST_FILE = paws/Info.plist;
				IPHONEOS_DEPLOYMENT_TARGET = 14.0;
				LD_RUNPATH_SEARCH_PATHS = (
					"$(inherited)",
					"@executable_path/Frameworks",
				);
				PRODUCT_BUNDLE_IDENTIFIER = com.elixer.paws;
				PRODUCT_NAME = "$(TARGET_NAME)";
				SWIFT_VERSION = 5.0;
				TARGETED_DEVICE_FAMILY = "1,2";
			};
			name = Debug;
		};
		187F96A826219E7300E606A6 /* Release */ = {
			isa = XCBuildConfiguration;
			buildSettings = {
				ASSETCATALOG_COMPILER_APPICON_NAME = AppIcon;
				ASSETCATALOG_COMPILER_GLOBAL_ACCENT_COLOR_NAME = AccentColor;
				CODE_SIGN_STYLE = Automatic;
				DEVELOPMENT_ASSET_PATHS = "\"paws/Preview Content\"";
				DEVELOPMENT_TEAM = 59967Z5M82;
				ENABLE_PREVIEWS = YES;
				INFOPLIST_FILE = paws/Info.plist;
				IPHONEOS_DEPLOYMENT_TARGET = 14.0;
				LD_RUNPATH_SEARCH_PATHS = (
					"$(inherited)",
					"@executable_path/Frameworks",
				);
				PRODUCT_BUNDLE_IDENTIFIER = com.elixer.paws;
				PRODUCT_NAME = "$(TARGET_NAME)";
				SWIFT_VERSION = 5.0;
				TARGETED_DEVICE_FAMILY = "1,2";
			};
			name = Release;
		};
/* End XCBuildConfiguration section */

/* Begin XCConfigurationList section */
		187F969226219E7100E606A6 /* Build configuration list for PBXProject "paws" */ = {
			isa = XCConfigurationList;
			buildConfigurations = (
				187F96A426219E7300E606A6 /* Debug */,
				187F96A526219E7300E606A6 /* Release */,
			);
			defaultConfigurationIsVisible = 0;
			defaultConfigurationName = Release;
		};
		187F96A626219E7300E606A6 /* Build configuration list for PBXNativeTarget "paws" */ = {
			isa = XCConfigurationList;
			buildConfigurations = (
				187F96A726219E7300E606A6 /* Debug */,
				187F96A826219E7300E606A6 /* Release */,
			);
			defaultConfigurationIsVisible = 0;
			defaultConfigurationName = Release;
		};
/* End XCConfigurationList section */

/* Begin XCRemoteSwiftPackageReference section */
		18B28D6326221BBD00C1F284 /* XCRemoteSwiftPackageReference "url-image" */ = {
			isa = XCRemoteSwiftPackageReference;
			repositoryURL = "https://github.com/dmytro-anokhin/url-image";
			requirement = {
				kind = upToNextMajorVersion;
				minimumVersion = 2.2.3;
			};
		};
/* End XCRemoteSwiftPackageReference section */

/* Begin XCSwiftPackageProductDependency section */
		18B28D6426221BBD00C1F284 /* URLImage */ = {
			isa = XCSwiftPackageProductDependency;
			package = 18B28D6326221BBD00C1F284 /* XCRemoteSwiftPackageReference "url-image" */;
			productName = URLImage;
		};
/* End XCSwiftPackageProductDependency section */
	};
	rootObject = 187F968F26219E7100E606A6 /* Project object */;
}
